
Microsoft Visual Studio Solution File, Format Version 12.00
# Visual Studio Version 17
VisualStudioVersion = 17.5.33627.172
MinimumVisualStudioVersion = 10.0.40219.1
Project("{9A19103F-16F7-4668-BE54-9A1E7A4F7556}") = "inProject", "inProject.csproj", "{65F65215-62D9-4603-AAD5-89F0F0FE4D70}"
EndProject
Global
	GlobalSection(SolutionConfigurationPlatforms) = preSolution
		Debug|Any CPU = Debug|Any CPU
		Release|Any CPU = Release|Any CPU
	EndGlobalSection
	GlobalSection(ProjectConfigurationPlatforms) = postSolution
		{65F65215-62D9-4603-AAD5-89F0F0FE4D70}.Debug|Any CPU.ActiveCfg = Debug|Any CPU
		{65F65215-62D9-4603-AAD5-89F0F0FE4D70}.Debug|Any CPU.Build.0 = Debug|Any CPU
		{65F65215-62D9-4603-AAD5-89F0F0FE4D70}.Release|Any CPU.ActiveCfg = Release|Any CPU
		{65F65215-62D9-4603-AAD5-89F0F0FE4D70}.Release|Any CPU.Build.0 = Release|Any CPU
	EndGlobalSection
	GlobalSection(SolutionProperties) = preSolution
		HideSolutionNode = FALSE
	EndGlobalSection
	GlobalSection(ExtensibilityGlobals) = postSolution
		SolutionGuid = {14181A4A-8F65-444F-84F1-1CC6C0F28753}
	EndGlobalSection
EndGlobal
